# This file is autogenerated, do not edit; changes may be undone by the next 'dep ensure'.


[[projects]]
  branch = "master"
  name = "github.com/cretz/bine"
  packages = ["control","process","tor","torutil","torutil/ed25519","torutil/ed25519/internal/edwards25519"]
  revision = "cbd288d20bac758b15b5430aec13ad702f4aab33"

[[projects]]
  branch = "master"
  name = "golang.org/x/crypto"
  packages = ["ed25519","ed25519/internal/edwards25519","sha3"]
  revision = "a49355c7e3f8fe157a85be2f77e6e269a0f89602"

[[projects]]
  branch = "master"
  name = "golang.org/x/net"
  packages = ["internal/socks","proxy"]
  revision = "32a936f46389aa10549d60bd7833e54b01685d09"

[solve-meta]
  analyzer-name = "dep"
  analyzer-version = 1
  inputs-digest = "9c83589ab7e55c255191a38940187a930fa2c4b95e91eb8b12482784e86b0890"
  solver-name = "gps-cdcl"
  solver-version = 1
