# This file is autogenerated, do not edit; changes may be undone by the next 'dep ensure'.


[[projects]]
  branch = "master"
  name = "github.com/cretz/bine"
  packages = [
    "control",
    "process",
    "tor",
    "torutil",
    "torutil/ed25519",
    "torutil/ed25519/internal/edwards25519"
  ]
  revision = "f33268f0843a1b2b131a4cacf285a7d0a3e138ba"

[[projects]]
  branch = "master"
  name = "golang.org/x/crypto"
  packages = [
    "ed25519",
    "ed25519/internal/edwards25519",
    "sha3"
  ]
  revision = "1a580b3eff7814fc9b40602fd35256c63b50f491"

[[projects]]
  branch = "master"
  name = "golang.org/x/net"
  packages = [
    "internal/socks",
    "proxy"
  ]
  revision = "8e0cdda24ed423affc8f35c241e5e9b16180338e"

[solve-meta]
  analyzer-name = "dep"
  analyzer-version = 1
  inputs-digest = "9c83589ab7e55c255191a38940187a930fa2c4b95e91eb8b12482784e86b0890"
  solver-name = "gps-cdcl"
  solver-version = 1
